<?xml version="1.0" encoding="utf-8"?>
<Project ToolsVersion="4.0" xmlns="http://schemas.microsoft.com/developer/msbuild/2003">
  <ItemGroup>
    <Filter Include="native">
      <UniqueIdentifier>{b8762e93-90f9-4955-8297-1adc10c0a8ab}</UniqueIdentifier>
    </Filter>
    <Filter Include="native\private">
      <UniqueIdentifier>{9bcad4f2-a33c-4c39-a4a2-7ad0d62a3699}</UniqueIdentifier>
    </Filter>
    <Filter Include="utils">
      <UniqueIdentifier>{fd303597-8887-4cf4-85e0-2e77509c96eb}</UniqueIdentifier>
    </Filter>
    <Filter Include="internal">
      <UniqueIdentifier>{4215cbcb-16e0-4be4-8fd9-f4afa74ac118}</UniqueIdentifier>
    </Filter>
    <Filter Include="internal\sdk">
      <UniqueIdentifier>{4e310d87-cfeb-4ea3-a820-82ac7b6735bc}</UniqueIdentifier>
    </Filter>
  </ItemGroup>
  <ItemGroup>
    <ClCompile Include="..\native\eresource.c">
      <Filter>native</Filter>
    </ClCompile>
    <ClCompile Include="..\native\ldr.c">
      <Filter>native</Filter>
    </ClCompile>
    <ClCompile Include="..\native\log.c">
      <Filter>native</Filter>
    </ClCompile>
    <ClCompile Include="..\native\rtl.c">
      <Filter>native</Filter>
    </ClCompile>
    <ClCompile Include="..\native\wow64.c">
      <Filter>native</Filter>
    </ClCompile>
    <ClCompile Include="..\utils\utils.cpp">
      <Filter>utils</Filter>
    </ClCompile>
    <ClCompile Include="entry.cpp">
      <Filter>internal</Filter>
    </ClCompile>
    <ClCompile Include="sdk\Names.cpp">
      <Filter>internal\sdk</Filter>
    </ClCompile>
    <ClCompile Include="sdk\Objects.cpp">
      <Filter>internal\sdk</Filter>
    </ClCompile>
    <ClCompile Include="sdk\World.cpp">
      <Filter>internal\sdk</Filter>
    </ClCompile>
    <ClCompile Include="sdk\Properties.cpp">
      <Filter>internal\sdk</Filter>
    </ClCompile>
    <ClCompile Include="sdk\Generator.cpp">
      <Filter>internal\sdk</Filter>
    </ClCompile>
    <ClCompile Include="..\utils\disasm.c">
      <Filter>utils</Filter>
    </ClCompile>
    <ClCompile Include="sdk\OffsetDumper.cpp">
      <Filter>internal\sdk</Filter>
    </ClCompile>
  </ItemGroup>
  <ItemGroup>
    <ClInclude Include="..\native\private\nativecommon.h">
      <Filter>native\private</Filter>
    </ClInclude>
    <ClInclude Include="..\native\private\nativeex.h">
      <Filter>native\private</Filter>
    </ClInclude>
    <ClInclude Include="..\native\private\nativeexcept.h">
      <Filter>native\private</Filter>
    </ClInclude>
    <ClInclude Include="..\native\private\nativeinfo.h">
      <Filter>native\private</Filter>
    </ClInclude>
    <ClInclude Include="..\native\private\nativeio.h">
      <Filter>native\private</Filter>
    </ClInclude>
    <ClInclude Include="..\native\private\nativeldr.h">
      <Filter>native\private</Filter>
    </ClInclude>
    <ClInclude Include="..\native\private\nativemm.h">
      <Filter>native\private</Filter>
    </ClInclude>
    <ClInclude Include="..\native\private\nativeob.h">
      <Filter>native\private</Filter>
    </ClInclude>
    <ClInclude Include="..\native\private\nativepeb.h">
      <Filter>native\private</Filter>
    </ClInclude>
    <ClInclude Include="..\native\private\nativepecoff.h">
      <Filter>native\private</Filter>
    </ClInclude>
    <ClInclude Include="..\native\private\nativepool.h">
      <Filter>native\private</Filter>
    </ClInclude>
    <ClInclude Include="..\native\private\nativeprefetch.h">
      <Filter>native\private</Filter>
    </ClInclude>
    <ClInclude Include="..\native\private\nativeps.h">
      <Filter>native\private</Filter>
    </ClInclude>
    <ClInclude Include="..\native\private\nativertl.h">
      <Filter>native\private</Filter>
    </ClInclude>
    <ClInclude Include="..\native\private\nativesec.h">
      <Filter>native\private</Filter>
    </ClInclude>
    <ClInclude Include="..\native\private\nativestatus.h">
      <Filter>native\private</Filter>
    </ClInclude>
    <ClInclude Include="..\native\private\nativeteb.h">
      <Filter>native\private</Filter>
    </ClInclude>
    <ClInclude Include="..\native\private\nativeuser.h">
      <Filter>native\private</Filter>
    </ClInclude>
    <ClInclude Include="..\native\private\nativewow64.h">
      <Filter>native\private</Filter>
    </ClInclude>
    <ClInclude Include="..\native\eresource.h">
      <Filter>native</Filter>
    </ClInclude>
    <ClInclude Include="..\native\ldr.h">
      <Filter>native</Filter>
    </ClInclude>
    <ClInclude Include="..\native\log.h">
      <Filter>native</Filter>
    </ClInclude>
    <ClInclude Include="..\native\native.h">
      <Filter>native</Filter>
    </ClInclude>
    <ClInclude Include="..\native\rtl.h">
      <Filter>native</Filter>
    </ClInclude>
    <ClInclude Include="..\native\wow64.h">
      <Filter>native</Filter>
    </ClInclude>
    <ClInclude Include="..\utils\utils.h">
      <Filter>utils</Filter>
    </ClInclude>
    <ClInclude Include="..\utils\xorstr.h">
      <Filter>utils</Filter>
    </ClInclude>
    <ClInclude Include="sdk\Engine.h">
      <Filter>internal\sdk</Filter>
    </ClInclude>
    <ClInclude Include="sdk\Memory.h">
      <Filter>internal\sdk</Filter>
    </ClInclude>
    <ClInclude Include="sdk\Names.h">
      <Filter>internal\sdk</Filter>
    </ClInclude>
    <ClInclude Include="sdk\Objects.h">
      <Filter>internal\sdk</Filter>
    </ClInclude>
    <ClInclude Include="Sdk.h">
      <Filter>internal\sdk</Filter>
    </ClInclude>
    <ClInclude Include="sdk\Types.h">
      <Filter>internal\sdk</Filter>
    </ClInclude>
    <ClInclude Include="sdk\TypeTraits.h">
      <Filter>internal\sdk</Filter>
    </ClInclude>
    <ClInclude Include="sdk\World.h">
      <Filter>internal\sdk</Filter>
    </ClInclude>
    <ClInclude Include="sdk\CryptValue.h">
      <Filter>internal\sdk</Filter>
    </ClInclude>
    <ClInclude Include="sdk\Properties.h">
      <Filter>internal\sdk</Filter>
    </ClInclude>
    <ClInclude Include="sdk\Generator.h">
      <Filter>internal\sdk</Filter>
    </ClInclude>
    <ClInclude Include="sdk\Format.h">
      <Filter>internal\sdk</Filter>
    </ClInclude>
    <ClInclude Include="sdk\cpplinq.h">
      <Filter>internal\sdk</Filter>
    </ClInclude>
    <ClInclude Include="sdk\tinyformat.h">
      <Filter>internal\sdk</Filter>
    </ClInclude>
    <ClInclude Include="sdk\FunctionFlags.h">
      <Filter>internal\sdk</Filter>
    </ClInclude>
    <ClInclude Include="engine_lean.h">
      <Filter>internal</Filter>
    </ClInclude>
    <ClInclude Include="..\utils\disasm.h">
      <Filter>utils</Filter>
    </ClInclude>
    <ClInclude Include="sdk\OffsetDumper.h">
      <Filter>internal\sdk</Filter>
    </ClInclude>
  </ItemGroup>
  <ItemGroup>
    <Text Include="..\reversal\pubg_notes.txt" />
  </ItemGroup>
  <ItemGroup>
    <MASM Include="sdk\World_decrypt.asm">
      <Filter>internal\sdk</Filter>
    </MASM>
    <MASM Include="sdk\Objects_decrypt.asm">
      <Filter>internal\sdk</Filter>
    </MASM>
    <MASM Include="sdk\Names_decrypt.asm">
      <Filter>internal\sdk</Filter>
    </MASM>
  </ItemGroup>
</Project>